
Microsoft Visual Studio Solution File, Format Version 12.00
# Visual Studio 14
VisualStudioVersion = 14.0.22823.1
MinimumVisualStudioVersion = 10.0.40219.1
Project("{2150E333-8FDC-42A3-9474-1A3956D46DE8}") = "src", "src", "{25669980-6939-493D-8CEB-4F02D3A26B9D}"
EndProject
Project("{2150E333-8FDC-42A3-9474-1A3956D46DE8}") = "Solution Items", "Solution Items", "{196D9B47-98E0-4FBB-B4A2-75B5562194DE}"
	ProjectSection(SolutionItems) = preProject
		global.json = global.json
	EndProjectSection
EndProject
Project("{8BB2217D-0F2D-49D1-97BC-3654ED321F3B}") = "BikeBuilder.Model", "src\BikeBuilder.Model\BikeBuilder.Model.xproj", "{A69CCB70-E34B-4BD4-A564-2D951FA32B29}"
EndProject
Project("{8BB2217D-0F2D-49D1-97BC-3654ED321F3B}") = "BikeBuilder.WebAPI", "src\BikeBuilder.WebAPI\BikeBuilder.WebAPI.xproj", "{20183737-4DEE-405D-969B-178FE1F489DA}"
EndProject
Project("{8BB2217D-0F2D-49D1-97BC-3654ED321F3B}") = "BikeBuilder.AngularJS", "src\BikeBuilder.AngularJS\BikeBuilder.AngularJS.xproj", "{ADDA2496-961F-4150-8FBE-2CC3B5F52744}"
EndProject
Project("{8BB2217D-0F2D-49D1-97BC-3654ED321F3B}") = "BikeBuilder.MVC", "src\BikeBuilder.MVC\BikeBuilder.MVC.xproj", "{F9A228B2-2BB5-491F-AE8D-546738D19272}"
EndProject
Project("{2150E333-8FDC-42A3-9474-1A3956D46DE8}") = "tests", "tests", "{59B32552-BAEA-4009-82F1-271F3FAF26AD}"
EndProject
Project("{FAE04EC0-301F-11D3-BF4B-00C04F79EFBC}") = "BikeBuilder.WebAPI.Tests", "test\BikeBuilder.WebAPI.Tests\BikeBuilder.WebAPI.Tests.csproj", "{324F14C8-D73B-4A7D-8480-1806B287A8CF}"
EndProject
Project("{FAE04EC0-301F-11D3-BF4B-00C04F79EFBC}") = "BikeBuilder.Model.Tests", "test\BikeBuilder.Model.Tests\BikeBuilder.Model.Tests.csproj", "{BD2C1A10-6D9F-42A3-A797-86350F27EED2}"
EndProject
Global
	GlobalSection(SolutionConfigurationPlatforms) = preSolution
		Debug|Any CPU = Debug|Any CPU
		Release|Any CPU = Release|Any CPU
	EndGlobalSection
	GlobalSection(ProjectConfigurationPlatforms) = postSolution
		{A69CCB70-E34B-4BD4-A564-2D951FA32B29}.Debug|Any CPU.ActiveCfg = Debug|Any CPU
		{A69CCB70-E34B-4BD4-A564-2D951FA32B29}.Debug|Any CPU.Build.0 = Debug|Any CPU
		{A69CCB70-E34B-4BD4-A564-2D951FA32B29}.Release|Any CPU.ActiveCfg = Release|Any CPU
		{A69CCB70-E34B-4BD4-A564-2D951FA32B29}.Release|Any CPU.Build.0 = Release|Any CPU
		{20183737-4DEE-405D-969B-178FE1F489DA}.Debug|Any CPU.ActiveCfg = Debug|Any CPU
		{20183737-4DEE-405D-969B-178FE1F489DA}.Debug|Any CPU.Build.0 = Debug|Any CPU
		{20183737-4DEE-405D-969B-178FE1F489DA}.Release|Any CPU.ActiveCfg = Release|Any CPU
		{20183737-4DEE-405D-969B-178FE1F489DA}.Release|Any CPU.Build.0 = Release|Any CPU
		{ADDA2496-961F-4150-8FBE-2CC3B5F52744}.Debug|Any CPU.ActiveCfg = Debug|Any CPU
		{ADDA2496-961F-4150-8FBE-2CC3B5F52744}.Debug|Any CPU.Build.0 = Debug|Any CPU
		{ADDA2496-961F-4150-8FBE-2CC3B5F52744}.Release|Any CPU.ActiveCfg = Release|Any CPU
		{ADDA2496-961F-4150-8FBE-2CC3B5F52744}.Release|Any CPU.Build.0 = Release|Any CPU
		{F9A228B2-2BB5-491F-AE8D-546738D19272}.Debug|Any CPU.ActiveCfg = Debug|Any CPU
		{F9A228B2-2BB5-491F-AE8D-546738D19272}.Debug|Any CPU.Build.0 = Debug|Any CPU
		{F9A228B2-2BB5-491F-AE8D-546738D19272}.Release|Any CPU.ActiveCfg = Release|Any CPU
		{F9A228B2-2BB5-491F-AE8D-546738D19272}.Release|Any CPU.Build.0 = Release|Any CPU
		{324F14C8-D73B-4A7D-8480-1806B287A8CF}.Debug|Any CPU.ActiveCfg = Debug|Any CPU
		{324F14C8-D73B-4A7D-8480-1806B287A8CF}.Debug|Any CPU.Build.0 = Debug|Any CPU
		{324F14C8-D73B-4A7D-8480-1806B287A8CF}.Release|Any CPU.ActiveCfg = Release|Any CPU
		{324F14C8-D73B-4A7D-8480-1806B287A8CF}.Release|Any CPU.Build.0 = Release|Any CPU
		{BD2C1A10-6D9F-42A3-A797-86350F27EED2}.Debug|Any CPU.ActiveCfg = Debug|Any CPU
		{BD2C1A10-6D9F-42A3-A797-86350F27EED2}.Debug|Any CPU.Build.0 = Debug|Any CPU
		{BD2C1A10-6D9F-42A3-A797-86350F27EED2}.Release|Any CPU.ActiveCfg = Release|Any CPU
		{BD2C1A10-6D9F-42A3-A797-86350F27EED2}.Release|Any CPU.Build.0 = Release|Any CPU
	EndGlobalSection
	GlobalSection(SolutionProperties) = preSolution
		HideSolutionNode = FALSE
	EndGlobalSection
	GlobalSection(NestedProjects) = preSolution
		{A69CCB70-E34B-4BD4-A564-2D951FA32B29} = {25669980-6939-493D-8CEB-4F02D3A26B9D}
		{20183737-4DEE-405D-969B-178FE1F489DA} = {25669980-6939-493D-8CEB-4F02D3A26B9D}
		{ADDA2496-961F-4150-8FBE-2CC3B5F52744} = {25669980-6939-493D-8CEB-4F02D3A26B9D}
		{F9A228B2-2BB5-491F-AE8D-546738D19272} = {25669980-6939-493D-8CEB-4F02D3A26B9D}
		{324F14C8-D73B-4A7D-8480-1806B287A8CF} = {59B32552-BAEA-4009-82F1-271F3FAF26AD}
		{BD2C1A10-6D9F-42A3-A797-86350F27EED2} = {59B32552-BAEA-4009-82F1-271F3FAF26AD}
	EndGlobalSection
EndGlobal
